
Microsoft Visual Studio Solution File, Format Version 12.00
# Visual Studio Version 17
VisualStudioVersion = 17.1.31911.260
MinimumVisualStudioVersion = 10.0.40219.1
Project("{6EC3EE1D-3C4E-46DD-8F32-0CC8E7565705}") = "UnitTests", "UnitTests\UnitTests.fsproj", "{892E69E5-C33A-4B9E-93A7-837316EFF987}"
EndProject
Project("{6EC3EE1D-3C4E-46DD-8F32-0CC8E7565705}") = "Base", "Base\Base.fsproj", "{D5810849-FFEA-4F9A-AAC3-9CD8E11E9A71}"
EndProject
Project("{6EC3EE1D-3C4E-46DD-8F32-0CC8E7565705}") = "DirectX", "DirectX\DirectX.fsproj", "{39142D6B-EC74-49D0-95E0-45D776BEBE89}"
EndProject
Project("{6EC3EE1D-3C4E-46DD-8F32-0CC8E7565705}") = "Geometry", "Geometry\Geometry.fsproj", "{BE34D408-FF2A-4795-9357-0206F27E904C}"
EndProject
Project("{6EC3EE1D-3C4E-46DD-8F32-0CC8E7565705}") = "GPUModel", "GPUModel\GPUModel.fsproj", "{346297A3-3947-4F66-9963-D56AF308BB84}"
EndProject
Project("{6EC3EE1D-3C4E-46DD-8F32-0CC8E7565705}") = "Shader", "Shader\Shader.fsproj", "{F97F5C98-4395-4465-A67B-DB330248CAB9}"
EndProject
Project("{6EC3EE1D-3C4E-46DD-8F32-0CC8E7565705}") = "GraficBase", "GraficBase\GraficBase.fsproj", "{A679AABD-A0A0-4C18-9149-950F8356F4E8}"
EndProject
Project("{6EC3EE1D-3C4E-46DD-8F32-0CC8E7565705}") = "Builder", "Builder\Builder.fsproj", "{92FA820F-40C2-4C27-95E4-56318B92103F}"
EndProject
Project("{6EC3EE1D-3C4E-46DD-8F32-0CC8E7565705}") = "EcoGraficsPKG", "EcoGraficsPKG\EcoGraficsPKG.fsproj", "{B1650F5D-41F9-4309-8CF4-3175B431E9DC}"
EndProject
Project("{6EC3EE1D-3C4E-46DD-8F32-0CC8E7565705}") = "AppBase", "AppBase\AppBase.fsproj", "{0FA4ACF9-E7E3-4767-A470-467FC20058C1}"
EndProject
Global
	GlobalSection(SolutionConfigurationPlatforms) = preSolution
		Debug|Any CPU = Debug|Any CPU
		Debug|x64 = Debug|x64
		Release|Any CPU = Release|Any CPU
		Release|x64 = Release|x64
	EndGlobalSection
	GlobalSection(ProjectConfigurationPlatforms) = postSolution
		{892E69E5-C33A-4B9E-93A7-837316EFF987}.Debug|Any CPU.ActiveCfg = Debug|Any CPU
		{892E69E5-C33A-4B9E-93A7-837316EFF987}.Debug|Any CPU.Build.0 = Debug|Any CPU
		{892E69E5-C33A-4B9E-93A7-837316EFF987}.Debug|x64.ActiveCfg = Debug|x64
		{892E69E5-C33A-4B9E-93A7-837316EFF987}.Debug|x64.Build.0 = Debug|x64
		{892E69E5-C33A-4B9E-93A7-837316EFF987}.Release|Any CPU.ActiveCfg = Release|Any CPU
		{892E69E5-C33A-4B9E-93A7-837316EFF987}.Release|Any CPU.Build.0 = Release|Any CPU
		{892E69E5-C33A-4B9E-93A7-837316EFF987}.Release|x64.ActiveCfg = Release|x64
		{892E69E5-C33A-4B9E-93A7-837316EFF987}.Release|x64.Build.0 = Release|x64
		{D5810849-FFEA-4F9A-AAC3-9CD8E11E9A71}.Debug|Any CPU.ActiveCfg = Debug|Any CPU
		{D5810849-FFEA-4F9A-AAC3-9CD8E11E9A71}.Debug|Any CPU.Build.0 = Debug|Any CPU
		{D5810849-FFEA-4F9A-AAC3-9CD8E11E9A71}.Debug|x64.ActiveCfg = Debug|x64
		{D5810849-FFEA-4F9A-AAC3-9CD8E11E9A71}.Debug|x64.Build.0 = Debug|x64
		{D5810849-FFEA-4F9A-AAC3-9CD8E11E9A71}.Release|Any CPU.ActiveCfg = Release|Any CPU
		{D5810849-FFEA-4F9A-AAC3-9CD8E11E9A71}.Release|Any CPU.Build.0 = Release|Any CPU
		{D5810849-FFEA-4F9A-AAC3-9CD8E11E9A71}.Release|x64.ActiveCfg = Release|x64
		{D5810849-FFEA-4F9A-AAC3-9CD8E11E9A71}.Release|x64.Build.0 = Release|x64
		{39142D6B-EC74-49D0-95E0-45D776BEBE89}.Debug|Any CPU.ActiveCfg = Debug|Any CPU
		{39142D6B-EC74-49D0-95E0-45D776BEBE89}.Debug|Any CPU.Build.0 = Debug|Any CPU
		{39142D6B-EC74-49D0-95E0-45D776BEBE89}.Debug|x64.ActiveCfg = Debug|x64
		{39142D6B-EC74-49D0-95E0-45D776BEBE89}.Debug|x64.Build.0 = Debug|x64
		{39142D6B-EC74-49D0-95E0-45D776BEBE89}.Release|Any CPU.ActiveCfg = Release|Any CPU
		{39142D6B-EC74-49D0-95E0-45D776BEBE89}.Release|Any CPU.Build.0 = Release|Any CPU
		{39142D6B-EC74-49D0-95E0-45D776BEBE89}.Release|x64.ActiveCfg = Release|x64
		{39142D6B-EC74-49D0-95E0-45D776BEBE89}.Release|x64.Build.0 = Release|x64
		{BE34D408-FF2A-4795-9357-0206F27E904C}.Debug|Any CPU.ActiveCfg = Debug|Any CPU
		{BE34D408-FF2A-4795-9357-0206F27E904C}.Debug|Any CPU.Build.0 = Debug|Any CPU
		{BE34D408-FF2A-4795-9357-0206F27E904C}.Debug|x64.ActiveCfg = Debug|x64
		{BE34D408-FF2A-4795-9357-0206F27E904C}.Debug|x64.Build.0 = Debug|x64
		{BE34D408-FF2A-4795-9357-0206F27E904C}.Release|Any CPU.ActiveCfg = Release|Any CPU
		{BE34D408-FF2A-4795-9357-0206F27E904C}.Release|Any CPU.Build.0 = Release|Any CPU
		{BE34D408-FF2A-4795-9357-0206F27E904C}.Release|x64.ActiveCfg = Release|x64
		{BE34D408-FF2A-4795-9357-0206F27E904C}.Release|x64.Build.0 = Release|x64
		{346297A3-3947-4F66-9963-D56AF308BB84}.Debug|Any CPU.ActiveCfg = Debug|Any CPU
		{346297A3-3947-4F66-9963-D56AF308BB84}.Debug|Any CPU.Build.0 = Debug|Any CPU
		{346297A3-3947-4F66-9963-D56AF308BB84}.Debug|x64.ActiveCfg = Debug|x64
		{346297A3-3947-4F66-9963-D56AF308BB84}.Debug|x64.Build.0 = Debug|x64
		{346297A3-3947-4F66-9963-D56AF308BB84}.Release|Any CPU.ActiveCfg = Release|Any CPU
		{346297A3-3947-4F66-9963-D56AF308BB84}.Release|Any CPU.Build.0 = Release|Any CPU
		{346297A3-3947-4F66-9963-D56AF308BB84}.Release|x64.ActiveCfg = Release|x64
		{346297A3-3947-4F66-9963-D56AF308BB84}.Release|x64.Build.0 = Release|x64
		{F97F5C98-4395-4465-A67B-DB330248CAB9}.Debug|Any CPU.ActiveCfg = Debug|Any CPU
		{F97F5C98-4395-4465-A67B-DB330248CAB9}.Debug|Any CPU.Build.0 = Debug|Any CPU
		{F97F5C98-4395-4465-A67B-DB330248CAB9}.Debug|x64.ActiveCfg = Debug|x64
		{F97F5C98-4395-4465-A67B-DB330248CAB9}.Debug|x64.Build.0 = Debug|x64
		{F97F5C98-4395-4465-A67B-DB330248CAB9}.Release|Any CPU.ActiveCfg = Release|Any CPU
		{F97F5C98-4395-4465-A67B-DB330248CAB9}.Release|Any CPU.Build.0 = Release|Any CPU
		{F97F5C98-4395-4465-A67B-DB330248CAB9}.Release|x64.ActiveCfg = Release|x64
		{F97F5C98-4395-4465-A67B-DB330248CAB9}.Release|x64.Build.0 = Release|x64
		{A679AABD-A0A0-4C18-9149-950F8356F4E8}.Debug|Any CPU.ActiveCfg = Debug|Any CPU
		{A679AABD-A0A0-4C18-9149-950F8356F4E8}.Debug|Any CPU.Build.0 = Debug|Any CPU
		{A679AABD-A0A0-4C18-9149-950F8356F4E8}.Debug|x64.ActiveCfg = Debug|x64
		{A679AABD-A0A0-4C18-9149-950F8356F4E8}.Debug|x64.Build.0 = Debug|x64
		{A679AABD-A0A0-4C18-9149-950F8356F4E8}.Release|Any CPU.ActiveCfg = Release|Any CPU
		{A679AABD-A0A0-4C18-9149-950F8356F4E8}.Release|Any CPU.Build.0 = Release|Any CPU
		{A679AABD-A0A0-4C18-9149-950F8356F4E8}.Release|x64.ActiveCfg = Release|x64
		{A679AABD-A0A0-4C18-9149-950F8356F4E8}.Release|x64.Build.0 = Release|x64
		{92FA820F-40C2-4C27-95E4-56318B92103F}.Debug|Any CPU.ActiveCfg = Debug|Any CPU
		{92FA820F-40C2-4C27-95E4-56318B92103F}.Debug|Any CPU.Build.0 = Debug|Any CPU
		{92FA820F-40C2-4C27-95E4-56318B92103F}.Debug|x64.ActiveCfg = Debug|x64
		{92FA820F-40C2-4C27-95E4-56318B92103F}.Debug|x64.Build.0 = Debug|x64
		{92FA820F-40C2-4C27-95E4-56318B92103F}.Release|Any CPU.ActiveCfg = Release|Any CPU
		{92FA820F-40C2-4C27-95E4-56318B92103F}.Release|Any CPU.Build.0 = Release|Any CPU
		{92FA820F-40C2-4C27-95E4-56318B92103F}.Release|x64.ActiveCfg = Release|x64
		{92FA820F-40C2-4C27-95E4-56318B92103F}.Release|x64.Build.0 = Release|x64
		{B1650F5D-41F9-4309-8CF4-3175B431E9DC}.Debug|Any CPU.ActiveCfg = Debug|Any CPU
		{B1650F5D-41F9-4309-8CF4-3175B431E9DC}.Debug|Any CPU.Build.0 = Debug|Any CPU
		{B1650F5D-41F9-4309-8CF4-3175B431E9DC}.Debug|x64.ActiveCfg = Debug|x64
		{B1650F5D-41F9-4309-8CF4-3175B431E9DC}.Debug|x64.Build.0 = Debug|x64
		{B1650F5D-41F9-4309-8CF4-3175B431E9DC}.Release|Any CPU.ActiveCfg = Release|Any CPU
		{B1650F5D-41F9-4309-8CF4-3175B431E9DC}.Release|Any CPU.Build.0 = Release|Any CPU
		{B1650F5D-41F9-4309-8CF4-3175B431E9DC}.Release|x64.ActiveCfg = Release|x64
		{B1650F5D-41F9-4309-8CF4-3175B431E9DC}.Release|x64.Build.0 = Release|x64
		{0FA4ACF9-E7E3-4767-A470-467FC20058C1}.Debug|Any CPU.ActiveCfg = Debug|Any CPU
		{0FA4ACF9-E7E3-4767-A470-467FC20058C1}.Debug|Any CPU.Build.0 = Debug|Any CPU
		{0FA4ACF9-E7E3-4767-A470-467FC20058C1}.Debug|x64.ActiveCfg = Debug|x64
		{0FA4ACF9-E7E3-4767-A470-467FC20058C1}.Debug|x64.Build.0 = Debug|x64
		{0FA4ACF9-E7E3-4767-A470-467FC20058C1}.Release|Any CPU.ActiveCfg = Release|Any CPU
		{0FA4ACF9-E7E3-4767-A470-467FC20058C1}.Release|Any CPU.Build.0 = Release|Any CPU
		{0FA4ACF9-E7E3-4767-A470-467FC20058C1}.Release|x64.ActiveCfg = Release|x64
		{0FA4ACF9-E7E3-4767-A470-467FC20058C1}.Release|x64.Build.0 = Release|x64
	EndGlobalSection
	GlobalSection(SolutionProperties) = preSolution
		HideSolutionNode = FALSE
	EndGlobalSection
	GlobalSection(ExtensibilityGlobals) = postSolution
		SolutionGuid = {27B8BD16-6D75-4CDE-A278-24239DD66A39}
	EndGlobalSection
EndGlobal
